
Microsoft Visual Studio Solution File, Format Version 12.00
# Visual Studio Version 16
VisualStudioVersion = 16.0.28803.202
MinimumVisualStudioVersion = 10.0.40219.1
Project("{FAE04EC0-301F-11D3-BF4B-00C04F79EFBC}") = "AZS", "AZS\AZS.csproj", "{B51EBBB4-A7E2-436A-9C63-C1768BAECA27}"
EndProject
Global
	GlobalSection(SolutionConfigurationPlatforms) = preSolution
		Debug|Any CPU = Debug|Any CPU
		Release|Any CPU = Release|Any CPU
	EndGlobalSection
	GlobalSection(ProjectConfigurationPlatforms) = postSolution
		{B51EBBB4-A7E2-436A-9C63-C1768BAECA27}.Debug|Any CPU.ActiveCfg = Debug|Any CPU
		{B51EBBB4-A7E2-436A-9C63-C1768BAECA27}.Debug|Any CPU.Build.0 = Debug|Any CPU
		{B51EBBB4-A7E2-436A-9C63-C1768BAECA27}.Release|Any CPU.ActiveCfg = Release|Any CPU
		{B51EBBB4-A7E2-436A-9C63-C1768BAECA27}.Release|Any CPU.Build.0 = Release|Any CPU
	EndGlobalSection
	GlobalSection(SolutionProperties) = preSolution
		HideSolutionNode = FALSE
	EndGlobalSection
	GlobalSection(ExtensibilityGlobals) = postSolution
		SolutionGuid = {EE2B11B0-855C-4C26-A8AB-94C36CC16BDD}
	EndGlobalSection
EndGlobal
